
Microsoft Visual Studio Solution File, Format Version 12.00
# Visual Studio Version 16
VisualStudioVersion = 16.0.29728.190
MinimumVisualStudioVersion = 10.0.40219.1
Project("{FAE04EC0-301F-11D3-BF4B-00C04F79EFBC}") = "AIE_01_GetTwoLenghts", "AIE_01_GetTwoLenghts\AIE_01_GetTwoLenghts.csproj", "{6B0F606A-6228-4042-864B-23AFEB31FE98}"
EndProject
Project("{FAE04EC0-301F-11D3-BF4B-00C04F79EFBC}") = "AIE_02_NeedleInTheHaystack", "AIE_02_NeedleInTheHaystack\AIE_02_NeedleInTheHaystack.csproj", "{B04306A4-E8B4-4C21-B0C1-C62B2C9337D8}"
EndProject
Global
	GlobalSection(SolutionConfigurationPlatforms) = preSolution
		Debug|Any CPU = Debug|Any CPU
		Release|Any CPU = Release|Any CPU
	EndGlobalSection
	GlobalSection(ProjectConfigurationPlatforms) = postSolution
		{6B0F606A-6228-4042-864B-23AFEB31FE98}.Debug|Any CPU.ActiveCfg = Debug|Any CPU
		{6B0F606A-6228-4042-864B-23AFEB31FE98}.Debug|Any CPU.Build.0 = Debug|Any CPU
		{6B0F606A-6228-4042-864B-23AFEB31FE98}.Release|Any CPU.ActiveCfg = Release|Any CPU
		{6B0F606A-6228-4042-864B-23AFEB31FE98}.Release|Any CPU.Build.0 = Release|Any CPU
		{B04306A4-E8B4-4C21-B0C1-C62B2C9337D8}.Debug|Any CPU.ActiveCfg = Debug|Any CPU
		{B04306A4-E8B4-4C21-B0C1-C62B2C9337D8}.Debug|Any CPU.Build.0 = Debug|Any CPU
		{B04306A4-E8B4-4C21-B0C1-C62B2C9337D8}.Release|Any CPU.ActiveCfg = Release|Any CPU
		{B04306A4-E8B4-4C21-B0C1-C62B2C9337D8}.Release|Any CPU.Build.0 = Release|Any CPU
	EndGlobalSection
	GlobalSection(SolutionProperties) = preSolution
		HideSolutionNode = FALSE
	EndGlobalSection
	GlobalSection(ExtensibilityGlobals) = postSolution
		SolutionGuid = {C8AA80D4-8BA3-4D3F-9311-EFFFAFFAFF28}
	EndGlobalSection
EndGlobal
